
Microsoft Visual Studio Solution File, Format Version 12.00
# Visual Studio Version 17
VisualStudioVersion = 17.14.36518.9 d17.14
MinimumVisualStudioVersion = 10.0.40219.1
Project("{FAE04EC0-301F-11D3-BF4B-00C04F79EFBC}") = "Pintea_Paula_Lab2", "Pintea_Paula_Lab2.csproj", "{B115F913-4995-4D09-9701-74269E4CBF16}"
EndProject
Global
	GlobalSection(SolutionConfigurationPlatforms) = preSolution
		Debug|Any CPU = Debug|Any CPU
		Release|Any CPU = Release|Any CPU
	EndGlobalSection
	GlobalSection(ProjectConfigurationPlatforms) = postSolution
		{B115F913-4995-4D09-9701-74269E4CBF16}.Debug|Any CPU.ActiveCfg = Debug|Any CPU
		{B115F913-4995-4D09-9701-74269E4CBF16}.Debug|Any CPU.Build.0 = Debug|Any CPU
		{B115F913-4995-4D09-9701-74269E4CBF16}.Release|Any CPU.ActiveCfg = Release|Any CPU
		{B115F913-4995-4D09-9701-74269E4CBF16}.Release|Any CPU.Build.0 = Release|Any CPU
	EndGlobalSection
	GlobalSection(SolutionProperties) = preSolution
		HideSolutionNode = FALSE
	EndGlobalSection
	GlobalSection(ExtensibilityGlobals) = postSolution
		SolutionGuid = {066EBA03-386A-424C-BD6D-39DC00145F1F}
	EndGlobalSection
EndGlobal
